
Microsoft Visual Studio Solution File, Format Version 12.00
# Visual Studio Version 17
VisualStudioVersion = 17.9.34701.34
MinimumVisualStudioVersion = 10.0.40219.1
Project("{9A19103F-16F7-4668-BE54-9A1E7A4F7556}") = "WorkingTimeRecorder.wpf", "WorkingTImeRecorder.wpf\WorkingTimeRecorder.wpf.csproj", "{82068701-E891-4EC1-9335-E7BDDDDD4ED8}"
EndProject
Project("{9A19103F-16F7-4668-BE54-9A1E7A4F7556}") = "WorkingTimeRecorder.wpf.Presentation", "WorkingTimeRecorder.wpf.Presentation\WorkingTimeRecorder.wpf.Presentation.csproj", "{9E28A3D3-9354-4CEF-85FC-352CBD035E6A}"
EndProject
Project("{9A19103F-16F7-4668-BE54-9A1E7A4F7556}") = "WorkingTimeRecorder.wpf.Presentation.Core", "WorkingTimeRecorder.wpf.Presentation.Core\WorkingTimeRecorder.wpf.Presentation.Core.csproj", "{3AAAF723-B647-4220-9AFC-5B2A88462B12}"
EndProject
Project("{9A19103F-16F7-4668-BE54-9A1E7A4F7556}") = "WorkingTimeRecorder.Core", "..\WorkingTimeRecorder.Core\WorkingTimeRecorder.Core.csproj", "{0F1C6EFC-0140-47D2-9558-5DD47A32615D}"
EndProject
Project("{9A19103F-16F7-4668-BE54-9A1E7A4F7556}") = "SharedLibraries", "..\SharedLibraries\SharedLibraries.csproj", "{77B0DEA0-4116-45EB-8FE9-E042C3E1649B}"
EndProject
Project("{FAE04EC0-301F-11D3-BF4B-00C04F79EFBC}") = "WorkingTimeRecorder.wpf.Implementation", "WorkingTimeRecorder.wpf.Implementation\WorkingTimeRecorder.wpf.Implementation.csproj", "{5C6A9F90-997C-4E61-B611-D98FB8DABE67}"
EndProject
Global
	GlobalSection(SolutionConfigurationPlatforms) = preSolution
		Debug|Any CPU = Debug|Any CPU
		Release|Any CPU = Release|Any CPU
	EndGlobalSection
	GlobalSection(ProjectConfigurationPlatforms) = postSolution
		{82068701-E891-4EC1-9335-E7BDDDDD4ED8}.Debug|Any CPU.ActiveCfg = Debug|Any CPU
		{82068701-E891-4EC1-9335-E7BDDDDD4ED8}.Debug|Any CPU.Build.0 = Debug|Any CPU
		{82068701-E891-4EC1-9335-E7BDDDDD4ED8}.Release|Any CPU.ActiveCfg = Release|Any CPU
		{82068701-E891-4EC1-9335-E7BDDDDD4ED8}.Release|Any CPU.Build.0 = Release|Any CPU
		{9E28A3D3-9354-4CEF-85FC-352CBD035E6A}.Debug|Any CPU.ActiveCfg = Debug|Any CPU
		{9E28A3D3-9354-4CEF-85FC-352CBD035E6A}.Debug|Any CPU.Build.0 = Debug|Any CPU
		{9E28A3D3-9354-4CEF-85FC-352CBD035E6A}.Release|Any CPU.ActiveCfg = Release|Any CPU
		{9E28A3D3-9354-4CEF-85FC-352CBD035E6A}.Release|Any CPU.Build.0 = Release|Any CPU
		{3AAAF723-B647-4220-9AFC-5B2A88462B12}.Debug|Any CPU.ActiveCfg = Debug|Any CPU
		{3AAAF723-B647-4220-9AFC-5B2A88462B12}.Debug|Any CPU.Build.0 = Debug|Any CPU
		{3AAAF723-B647-4220-9AFC-5B2A88462B12}.Release|Any CPU.ActiveCfg = Release|Any CPU
		{3AAAF723-B647-4220-9AFC-5B2A88462B12}.Release|Any CPU.Build.0 = Release|Any CPU
		{0F1C6EFC-0140-47D2-9558-5DD47A32615D}.Debug|Any CPU.ActiveCfg = Debug|Any CPU
		{0F1C6EFC-0140-47D2-9558-5DD47A32615D}.Debug|Any CPU.Build.0 = Debug|Any CPU
		{0F1C6EFC-0140-47D2-9558-5DD47A32615D}.Release|Any CPU.ActiveCfg = Release|Any CPU
		{0F1C6EFC-0140-47D2-9558-5DD47A32615D}.Release|Any CPU.Build.0 = Release|Any CPU
		{77B0DEA0-4116-45EB-8FE9-E042C3E1649B}.Debug|Any CPU.ActiveCfg = Debug|Any CPU
		{77B0DEA0-4116-45EB-8FE9-E042C3E1649B}.Debug|Any CPU.Build.0 = Debug|Any CPU
		{77B0DEA0-4116-45EB-8FE9-E042C3E1649B}.Release|Any CPU.ActiveCfg = Release|Any CPU
		{77B0DEA0-4116-45EB-8FE9-E042C3E1649B}.Release|Any CPU.Build.0 = Release|Any CPU
		{5C6A9F90-997C-4E61-B611-D98FB8DABE67}.Debug|Any CPU.ActiveCfg = Debug|Any CPU
		{5C6A9F90-997C-4E61-B611-D98FB8DABE67}.Debug|Any CPU.Build.0 = Debug|Any CPU
		{5C6A9F90-997C-4E61-B611-D98FB8DABE67}.Release|Any CPU.ActiveCfg = Release|Any CPU
		{5C6A9F90-997C-4E61-B611-D98FB8DABE67}.Release|Any CPU.Build.0 = Release|Any CPU
	EndGlobalSection
	GlobalSection(SolutionProperties) = preSolution
		HideSolutionNode = FALSE
	EndGlobalSection
	GlobalSection(ExtensibilityGlobals) = postSolution
		SolutionGuid = {99BB0172-A033-4813-B504-EE0CB6B05CAB}
	EndGlobalSection
EndGlobal
